
Microsoft Visual Studio Solution File, Format Version 12.00
# Visual Studio Version 17
VisualStudioVersion = 17.5.002.0
MinimumVisualStudioVersion = 10.0.40219.1
Project("{9A19103F-16F7-4668-BE54-9A1E7A4F7556}") = "danske-bank", "danske-bank.csproj", "{0E39529B-A749-4AFE-BA88-2456273AE636}"
EndProject
Project("{FAE04EC0-301F-11D3-BF4B-00C04F79EFBC}") = "TestWordCounter", "..\TestWordCounter\TestWordCounter.csproj", "{6E69018B-654C-4341-BD52-B3BE721528C0}"
EndProject
Global
	GlobalSection(SolutionConfigurationPlatforms) = preSolution
		Debug|Any CPU = Debug|Any CPU
		Release|Any CPU = Release|Any CPU
	EndGlobalSection
	GlobalSection(ProjectConfigurationPlatforms) = postSolution
		{0E39529B-A749-4AFE-BA88-2456273AE636}.Debug|Any CPU.ActiveCfg = Debug|Any CPU
		{0E39529B-A749-4AFE-BA88-2456273AE636}.Debug|Any CPU.Build.0 = Debug|Any CPU
		{0E39529B-A749-4AFE-BA88-2456273AE636}.Release|Any CPU.ActiveCfg = Release|Any CPU
		{0E39529B-A749-4AFE-BA88-2456273AE636}.Release|Any CPU.Build.0 = Release|Any CPU
		{6E69018B-654C-4341-BD52-B3BE721528C0}.Debug|Any CPU.ActiveCfg = Debug|Any CPU
		{6E69018B-654C-4341-BD52-B3BE721528C0}.Debug|Any CPU.Build.0 = Debug|Any CPU
		{6E69018B-654C-4341-BD52-B3BE721528C0}.Release|Any CPU.ActiveCfg = Release|Any CPU
		{6E69018B-654C-4341-BD52-B3BE721528C0}.Release|Any CPU.Build.0 = Release|Any CPU
	EndGlobalSection
	GlobalSection(SolutionProperties) = preSolution
		HideSolutionNode = FALSE
	EndGlobalSection
	GlobalSection(ExtensibilityGlobals) = postSolution
		SolutionGuid = {0C961DEC-74C8-4738-A04B-28DAAB00DC05}
	EndGlobalSection
EndGlobal
